
Microsoft Visual Studio Solution File, Format Version 12.00
# Visual Studio Version 17
VisualStudioVersion = 17.8.34309.116
MinimumVisualStudioVersion = 10.0.40219.1
Project("{FAE04EC0-301F-11D3-BF4B-00C04F79EFBC}") = "Auto.WebAPI", "Auto.WebAPI\Auto.WebAPI.csproj", "{4A871DF2-22A2-4DA1-9031-8A12DB43BA21}"
EndProject
Global
	GlobalSection(SolutionConfigurationPlatforms) = preSolution
		Debug|Any CPU = Debug|Any CPU
		Release|Any CPU = Release|Any CPU
	EndGlobalSection
	GlobalSection(ProjectConfigurationPlatforms) = postSolution
		{4A871DF2-22A2-4DA1-9031-8A12DB43BA21}.Debug|Any CPU.ActiveCfg = Debug|Any CPU
		{4A871DF2-22A2-4DA1-9031-8A12DB43BA21}.Debug|Any CPU.Build.0 = Debug|Any CPU
		{4A871DF2-22A2-4DA1-9031-8A12DB43BA21}.Release|Any CPU.ActiveCfg = Release|Any CPU
		{4A871DF2-22A2-4DA1-9031-8A12DB43BA21}.Release|Any CPU.Build.0 = Release|Any CPU
	EndGlobalSection
	GlobalSection(SolutionProperties) = preSolution
		HideSolutionNode = FALSE
	EndGlobalSection
	GlobalSection(ExtensibilityGlobals) = postSolution
		SolutionGuid = {FA8932CA-D9D4-40D7-AF1C-E9547ACAB6C8}
	EndGlobalSection
EndGlobal
